
Microsoft Visual Studio Solution File, Format Version 12.00
# Visual Studio Version 17
VisualStudioVersion = 17.3.32825.248
MinimumVisualStudioVersion = 10.0.40219.1
Project("{888888A0-9F3D-457C-B088-3A5042F75D52}") = "Crawler", "Crawler\Crawler.pyproj", "{37E99339-C088-4DB3-B82B-BE48BDC8AC6B}"
EndProject
Global
	GlobalSection(SolutionConfigurationPlatforms) = preSolution
		Debug|Any CPU = Debug|Any CPU
		Release|Any CPU = Release|Any CPU
	EndGlobalSection
	GlobalSection(ProjectConfigurationPlatforms) = postSolution
		{37E99339-C088-4DB3-B82B-BE48BDC8AC6B}.Debug|Any CPU.ActiveCfg = Debug|Any CPU
		{37E99339-C088-4DB3-B82B-BE48BDC8AC6B}.Release|Any CPU.ActiveCfg = Release|Any CPU
	EndGlobalSection
	GlobalSection(SolutionProperties) = preSolution
		HideSolutionNode = FALSE
	EndGlobalSection
	GlobalSection(ExtensibilityGlobals) = postSolution
		SolutionGuid = {872BA958-62F2-4F83-ACA3-0F071CCFCE0E}
	EndGlobalSection
EndGlobal
